PODS:
  - Base58Swift (2.1.10):
    - BigInt (~> 5.0.0)
  - BigInt (5.0.0)
  - CocoaAsyncSocket (7.6.5)
  - CollectionConcurrencyKit (0.2.0)
  - Criollo (0.5.5):
    - CocoaAsyncSocket (~> 7.6)
  - Indy (1.16.2):
    - libindy (= 1.16.0)
    - libsodium
    - libzmq (= 4.2.3)
    - OpenSSL-Universal (~> 1.0.2)
  - libindy (1.16.0)
  - libsodium (1.0.12)
  - libzmq (4.2.3)
  - OpenSSL-Universal (1.0.2.20):
    - OpenSSL-Universal/Static (= 1.0.2.20)
  - OpenSSL-Universal/Static (1.0.2.20)
  - WebSockets (0.5.0)

DEPENDENCIES:
  - Base58Swift (~> 2.1)
  - CollectionConcurrencyKit (~> 0.2.0)
  - Criollo (~> 0.5)
  - Indy (= 1.16.2)
  - WebSockets (~> 0.5.0)

SPEC REPOS:
  https://github.com/CocoaPods/Specs.git:
    - Base58Swift
    - BigInt
    - CocoaAsyncSocket
    - Criollo
    - libsodium
    - OpenSSL-Universal
  https://github.com/naver/indy-sdk.git:
    - CollectionConcurrencyKit
    - Indy
    - libindy
    - libzmq
    - WebSockets

SPEC CHECKSUMS:
  Base58Swift: 53d551f0b33d9478fa63b3445e453a772d6b31a7
  BigInt: 74b4d88367b0e819d9f77393549226d36faeb0d8
  CocoaAsyncSocket: 065fd1e645c7abab64f7a6a2007a48038fdc6a99
  CollectionConcurrencyKit: 002045c2ec7e8861e14f8d817f5b68e6ce2f4d63
  Criollo: 617173837c296ca4248b0b058f36ce9b91e5c25b
  Indy: 769a141f0d5b6dd27fdea2746c6346ef7eaefd5b
  libindy: 179f07d0e1498fab26aff37e154c017094ab76da
  libsodium: 9a8faa5ef2fa0d2d57bd7f7d79bf8fb7c1a9f0ea
  libzmq: fcb6b6159c43147bc04174ec93cb65e5baaf016c
  OpenSSL-Universal: ff34003318d5e1163e9529b08470708e389ffcdd
  WebSockets: 32c0aba46c23d11ad175c8da46e3f34657b17535

PODFILE CHECKSUM: 868f1e063849308d0169b425566ee3e3b9cc82d3

COCOAPODS: 1.11.3
